
Microsoft Visual Studio Solution File, Format Version 12.00
# Visual Studio Version 16
VisualStudioVersion = 16.0.28803.202
MinimumVisualStudioVersion = 10.0.40219.1
Project("{2150E333-8FDC-42A3-9474-1A3956D46DE8}") = "root", "root", "{7EF5E22B-2A2D-4B4A-9903-6B118B874F64}"
	ProjectSection(SolutionItems) = preProject
		.editorconfig = .editorconfig
		.gitignore = .gitignore
		LICENSE = LICENSE
		README.md = README.md
	EndProjectSection
EndProject
Project("{9A19103F-16F7-4668-BE54-9A1E7A4F7556}") = "PrismaticTools", "PrismaticTools\PrismaticTools.csproj", "{7A6634BD-1FF7-4711-99B6-FD503ED9B5C0}"
EndProject
Global
	GlobalSection(SolutionConfigurationPlatforms) = preSolution
		Debug|Any CPU = Debug|Any CPU
		Release|Any CPU = Release|Any CPU
	EndGlobalSection
	GlobalSection(ProjectConfigurationPlatforms) = postSolution
		{7A6634BD-1FF7-4711-99B6-FD503ED9B5C0}.Debug|Any CPU.ActiveCfg = Debug|Any CPU
		{7A6634BD-1FF7-4711-99B6-FD503ED9B5C0}.Debug|Any CPU.Build.0 = Debug|Any CPU
		{7A6634BD-1FF7-4711-99B6-FD503ED9B5C0}.Release|Any CPU.ActiveCfg = Release|Any CPU
		{7A6634BD-1FF7-4711-99B6-FD503ED9B5C0}.Release|Any CPU.Build.0 = Release|Any CPU
	EndGlobalSection
	GlobalSection(SolutionProperties) = preSolution
		HideSolutionNode = FALSE
	EndGlobalSection
	GlobalSection(ExtensibilityGlobals) = postSolution
		SolutionGuid = {CBE37659-7B3A-44D1-B277-94A6193F2CC9}
	EndGlobalSection
EndGlobal
